// !$*UTF8*$!
{
	archiveVersion = 1;
	classes = {
	};
	objectVersion = 46;
	objects = {

/* Begin PBXBuildFile section */
		A54958421A4B516D00E8395A /* AppDelegate.swift in Sources */ = {isa = PBXBuildFile; fileRef = A54958411A4B516D00E8395A /* AppDelegate.swift */; };
		A54958441A4B516D00E8395A /* ViewController.swift in Sources */ = {isa = PBXBuildFile; fileRef = A54958431A4B516D00E8395A /* ViewController.swift */; };
		A54958471A4B516D00E8395A /* Main.storyboard in Resources */ = {isa = PBXBuildFile; fileRef = A54958451A4B516D00E8395A /* Main.storyboard */; };
		A54958491A4B516D00E8395A /* Images.xcassets in Resources */ = {isa = PBXBuildFile; fileRef = A54958481A4B516D00E8395A /* Images.xcassets */; };
		A549584C1A4B516D00E8395A /* LaunchScreen.xib in Resources */ = {isa = PBXBuildFile; fileRef = A549584A1A4B516D00E8395A /* LaunchScreen.xib */; };
		A54958581A4B516D00E8395A /* CatYearsTests.swift in Sources */ = {isa = PBXBuildFile; fileRef = A54958571A4B516D00E8395A /* CatYearsTests.swift */; };
		A54958621A4B55D100E8395A /* cute-cat.jpg in Resources */ = {isa = PBXBuildFile; fileRef = A54958611A4B55D100E8395A /* cute-cat.jpg */; };
		A54958641A4B565A00E8395A /* cute_cat2.jpg in Resources */ = {isa = PBXBuildFile; fileRef = A54958631A4B565A00E8395A /* cute_cat2.jpg */; };
/* End PBXBuildFile section */

/* Begin PBXContainerItemProxy section */
		A54958521A4B516D00E8395A /* PBXContainerItemProxy */ = {
			isa = PBXContainerItemProxy;
			containerPortal = A54958341A4B516D00E8395A /* Project object */;
			proxyType = 1;
			remoteGlobalIDString = A549583B1A4B516D00E8395A;
			remoteInfo = CatYears;
		};
/* End PBXContainerItemProxy section */

/* Begin PBXFileReference section */
		A549583C1A4B516D00E8395A /* CatYears.app */ = {isa = PBXFileReference; explicitFileType = wrapper.application; includeInIndex = 0; path = CatYears.app; sourceTree = BUILT_PRODUCTS_DIR; };
		A54958401A4B516D00E8395A /* Info.plist */ = {isa = PBXFileReference; lastKnownFileType = text.plist.xml; path = Info.plist; sourceTree = "<group>"; };
		A54958411A4B516D00E8395A /* AppDelegate.swift */ = {isa = PBXFileReference; lastKnownFileType = sourcecode.swift; path = AppDelegate.swift; sourceTree = "<group>"; };
		A54958431A4B516D00E8395A /* ViewController.swift */ = {isa = PBXFileReference; lastKnownFileType = sourcecode.swift; path = ViewController.swift; sourceTree = "<group>"; };
		A54958461A4B516D00E8395A /* Base */ = {isa = PBXFileReference; lastKnownFileType = file.storyboard; name = Base; path = Base.lproj/Main.storyboard; sourceTree = "<group>"; };
		A54958481A4B516D00E8395A /* Images.xcassets */ = {isa = PBXFileReference; lastKnownFileType = folder.assetcatalog; path = Images.xcassets; sourceTree = "<group>"; };
		A549584B1A4B516D00E8395A /* Base */ = {isa = PBXFileReference; lastKnownFileType = file.xib; name = Base; path = Base.lproj/LaunchScreen.xib; sourceTree = "<group>"; };
		A54958511A4B516D00E8395A /* CatYearsTests.xctest */ = {isa = PBXFileReference; explicitFileType = wrapper.cfbundle; includeInIndex = 0; path = CatYearsTests.xctest; sourceTree = BUILT_PRODUCTS_DIR; };
		A54958561A4B516D00E8395A /* Info.plist */ = {isa = PBXFileReference; lastKnownFileType = text.plist.xml; path = Info.plist; sourceTree = "<group>"; };
		A54958571A4B516D00E8395A /* CatYearsTests.swift */ = {isa = PBXFileReference; lastKnownFileType = sourcecode.swift; path = CatYearsTests.swift; sourceTree = "<group>"; };
		A54958611A4B55D100E8395A /* cute-cat.jpg */ = {isa = PBXFileReference; lastKnownFileType = image.jpeg; path = "cute-cat.jpg"; sourceTree = "<group>"; };
		A54958631A4B565A00E8395A /* cute_cat2.jpg */ = {isa = PBXFileReference; lastKnownFileType = image.jpeg; path = cute_cat2.jpg; sourceTree = "<group>"; };
/* End PBXFileReference section */

/* Begin PBXFrameworksBuildPhase section */
		A54958391A4B516D00E8395A /* Frameworks */ = {
			isa = PBXFrameworksBuildPhase;
			buildActionMask = 2147483647;
			files = (
			);
			runOnlyForDeploymentPostprocessing = 0;
		};
		A549584E1A4B516D00E8395A /* Frameworks */ = {
			isa = PBXFrameworksBuildPhase;
			buildActionMask = 2147483647;
			files = (
			);
			runOnlyForDeploymentPostprocessing = 0;
		};
/* End PBXFrameworksBuildPhase section */

/* Begin PBXGroup section */
		A54958331A4B516D00E8395A = {
			isa = PBXGroup;
			children = (
				A549583E1A4B516D00E8395A /* CatYears */,
				A54958541A4B516D00E8395A /* CatYearsTests */,
				A549583D1A4B516D00E8395A /* Products */,
			);
			sourceTree = "<group>";
		};
		A549583D1A4B516D00E8395A /* Products */ = {
			isa = PBXGroup;
			children = (
				A549583C1A4B516D00E8395A /* CatYears.app */,
				A54958511A4B516D00E8395A /* CatYearsTests.xctest */,
			);
			name = Products;
			sourceTree = "<group>";
		};
		A549583E1A4B516D00E8395A /* CatYears */ = {
			isa = PBXGroup;
			children = (
				A54958411A4B516D00E8395A /* AppDelegate.swift */,
				A54958431A4B516D00E8395A /* ViewController.swift */,
				A54958451A4B516D00E8395A /* Main.storyboard */,
				A54958611A4B55D100E8395A /* cute-cat.jpg */,
				A54958631A4B565A00E8395A /* cute_cat2.jpg */,
				A54958481A4B516D00E8395A /* Images.xcassets */,
				A549584A1A4B516D00E8395A /* LaunchScreen.xib */,
				A549583F1A4B516D00E8395A /* Supporting Files */,
			);
			path = CatYears;
			sourceTree = "<group>";
		};
		A549583F1A4B516D00E8395A /* Supporting Files */ = {
			isa = PBXGroup;
			children = (
				A54958401A4B516D00E8395A /* Info.plist */,
			);
			name = "Supporting Files";
			sourceTree = "<group>";
		};
		A54958541A4B516D00E8395A /* CatYearsTests */ = {
			isa = PBXGroup;
			children = (
				A54958571A4B516D00E8395A /* CatYearsTests.swift */,
				A54958551A4B516D00E8395A /* Supporting Files */,
			);
			path = CatYearsTests;
			sourceTree = "<group>";
		};
		A54958551A4B516D00E8395A /* Supporting Files */ = {
			isa = PBXGroup;
			children = (
				A54958561A4B516D00E8395A /* Info.plist */,
			);
			name = "Supporting Files";
			sourceTree = "<group>";
		};
/* End PBXGroup section */

/* Begin PBXNativeTarget section */
		A549583B1A4B516D00E8395A /* CatYears */ = {
			isa = PBXNativeTarget;
			buildConfigurationList = A549585B1A4B516D00E8395A /* Build configuration list for PBXNativeTarget "CatYears" */;
			buildPhases = (
				A54958381A4B516D00E8395A /* Sources */,
				A54958391A4B516D00E8395A /* Frameworks */,
				A549583A1A4B516D00E8395A /* Resources */,
			);
			buildRules = (
			);
			dependencies = (
			);
			name = CatYears;
			productName = CatYears;
			productReference = A549583C1A4B516D00E8395A /* CatYears.app */;
			productType = "com.apple.product-type.application";
		};
		A54958501A4B516D00E8395A /* CatYearsTests */ = {
			isa = PBXNativeTarget;
			buildConfigurationList = A549585E1A4B516D00E8395A /* Build configuration list for PBXNativeTarget "CatYearsTests" */;
			buildPhases = (
				A549584D1A4B516D00E8395A /* Sources */,
				A549584E1A4B516D00E8395A /* Frameworks */,
				A549584F1A4B516D00E8395A /* Resources */,
			);
			buildRules = (
			);
			dependencies = (
				A54958531A4B516D00E8395A /* PBXTargetDependency */,
			);
			name = CatYearsTests;
			productName = CatYearsTests;
			productReference = A54958511A4B516D00E8395A /* CatYearsTests.xctest */;
			productType = "com.apple.product-type.bundle.unit-test";
		};
/* End PBXNativeTarget section */

/* Begin PBXProject section */
		A54958341A4B516D00E8395A /* Project object */ = {
			isa = PBXProject;
			attributes = {
				LastUpgradeCheck = 0610;
				ORGANIZATIONNAME = prakashn;
				TargetAttributes = {
					A549583B1A4B516D00E8395A = {
						CreatedOnToolsVersion = 6.1.1;
					};
					A54958501A4B516D00E8395A = {
						CreatedOnToolsVersion = 6.1.1;
						TestTargetID = A549583B1A4B516D00E8395A;
					};
				};
			};
			buildConfigurationList = A54958371A4B516D00E8395A /* Build configuration list for PBXProject "CatYears" */;
			compatibilityVersion = "Xcode 3.2";
			developmentRegion = English;
			hasScannedForEncodings = 0;
			knownRegions = (
				en,
				Base,
			);
			mainGroup = A54958331A4B516D00E8395A;
			productRefGroup = A549583D1A4B516D00E8395A /* Products */;
			projectDirPath = "";
			projectRoot = "";
			targets = (
				A549583B1A4B516D00E8395A /* CatYears */,
				A54958501A4B516D00E8395A /* CatYearsTests */,
			);
		};
/* End PBXProject section */

/* Begin PBXResourcesBuildPhase section */
		A549583A1A4B516D00E8395A /* Resources */ = {
			isa = PBXResourcesBuildPhase;
			buildActionMask = 2147483647;
			files = (
				A54958471A4B516D00E8395A /* Main.storyboard in Resources */,
				A54958621A4B55D100E8395A /* cute-cat.jpg in Resources */,
				A549584C1A4B516D00E8395A /* LaunchScreen.xib in Resources */,
				A54958491A4B516D00E8395A /* Images.xcassets in Resources */,
				A54958641A4B565A00E8395A /* cute_cat2.jpg in Resources */,
			);
			runOnlyForDeploymentPostprocessing = 0;
		};
		A549584F1A4B516D00E8395A /* Resources */ = {
			isa = PBXResourcesBuildPhase;
			buildActionMask = 2147483647;
			files = (
			);
			runOnlyForDeploymentPostprocessing = 0;
		};
/* End PBXResourcesBuildPhase section */

/* Begin PBXSourcesBuildPhase section */
		A54958381A4B516D00E8395A /* Sources */ = {
			isa = PBXSourcesBuildPhase;
			buildActionMask = 2147483647;
			files = (
				A54958441A4B516D00E8395A /* ViewController.swift in Sources */,
				A54958421A4B516D00E8395A /* AppDelegate.swift in Sources */,
			);
			runOnlyForDeploymentPostprocessing = 0;
		};
		A549584D1A4B516D00E8395A /* Sources */ = {
			isa = PBXSourcesBuildPhase;
			buildActionMask = 2147483647;
			files = (
				A54958581A4B516D00E8395A /* CatYearsTests.swift in Sources */,
			);
			runOnlyForDeploymentPostprocessing = 0;
		};
/* End PBXSourcesBuildPhase section */

/* Begin PBXTargetDependency section */
		A54958531A4B516D00E8395A /* PBXTargetDependency */ = {
			isa = PBXTargetDependency;
			target = A549583B1A4B516D00E8395A /* CatYears */;
			targetProxy = A54958521A4B516D00E8395A /* PBXContainerItemProxy */;
		};
/* End PBXTargetDependency section */

/* Begin PBXVariantGroup section */
		A54958451A4B516D00E8395A /* Main.storyboard */ = {
			isa = PBXVariantGroup;
			children = (
				A54958461A4B516D00E8395A /* Base */,
			);
			name = Main.storyboard;
			sourceTree = "<group>";
		};
		A549584A1A4B516D00E8395A /* LaunchScreen.xib */ = {
			isa = PBXVariantGroup;
			children = (
				A549584B1A4B516D00E8395A /* Base */,
			);
			name = LaunchScreen.xib;
			sourceTree = "<group>";
		};
/* End PBXVariantGroup section */

/* Begin XCBuildConfiguration section */
		A54958591A4B516D00E8395A /* Debug */ = {
			isa = XCBuildConfiguration;
			buildSettings = {
				ALWAYS_SEARCH_USER_PATHS = NO;
				CLANG_CXX_LANGUAGE_STANDARD = "gnu++0x";
				CLANG_CXX_LIBRARY = "libc++";
				CLANG_ENABLE_MODULES = YES;
				CLANG_ENABLE_OBJC_ARC = YES;
				CLANG_WARN_BOOL_CONVERSION = YES;
				CLANG_WARN_CONSTANT_CONVERSION = YES;
				CLANG_WARN_DIRECT_OBJC_ISA_USAGE = YES_ERROR;
				CLANG_WARN_EMPTY_BODY = YES;
				CLANG_WARN_ENUM_CONVERSION = YES;
				CLANG_WARN_INT_CONVERSION = YES;
				CLANG_WARN_OBJC_ROOT_CLASS = YES_ERROR;
				CLANG_WARN_UNREACHABLE_CODE = YES;
				CLANG_WARN__DUPLICATE_METHOD_MATCH = YES;
				"CODE_SIGN_IDENTITY[sdk=iphoneos*]" = "iPhone Developer";
				COPY_PHASE_STRIP = NO;
				ENABLE_STRICT_OBJC_MSGSEND = YES;
				GCC_C_LANGUAGE_STANDARD = gnu99;
				GCC_DYNAMIC_NO_PIC = NO;
				GCC_OPTIMIZATION_LEVEL = 0;
				GCC_PREPROCESSOR_DEFINITIONS = (
					"DEBUG=1",
					"$(inherited)",
				);
				GCC_SYMBOLS_PRIVATE_EXTERN = NO;
				GCC_WARN_64_TO_32_BIT_CONVERSION = YES;
				GCC_WARN_ABOUT_RETURN_TYPE = YES_ERROR;
				GCC_WARN_UNDECLARED_SELECTOR = YES;
				GCC_WARN_UNINITIALIZED_AUTOS = YES_AGGRESSIVE;
				GCC_WARN_UNUSED_FUNCTION = YES;
				GCC_WARN_UNUSED_VARIABLE = YES;
				IPHONEOS_DEPLOYMENT_TARGET = 8.1;
				MTL_ENABLE_DEBUG_INFO = YES;
				ONLY_ACTIVE_ARCH = YES;
				SDKROOT = iphoneos;
				SWIFT_OPTIMIZATION_LEVEL = "-Onone";
			};
			name = Debug;
		};
		A549585A1A4B516D00E8395A /* Release */ = {
			isa = XCBuildConfiguration;
			buildSettings = {
				ALWAYS_SEARCH_USER_PATHS = NO;
				CLANG_CXX_LANGUAGE_STANDARD = "gnu++0x";
				CLANG_CXX_LIBRARY = "libc++";
				CLANG_ENABLE_MODULES = YES;
				CLANG_ENABLE_OBJC_ARC = YES;
				CLANG_WARN_BOOL_CONVERSION = YES;
				CLANG_WARN_CONSTANT_CONVERSION = YES;
				CLANG_WARN_DIRECT_OBJC_ISA_USAGE = YES_ERROR;
				CLANG_WARN_EMPTY_BODY = YES;
				CLANG_WARN_ENUM_CONVERSION = YES;
				CLANG_WARN_INT_CONVERSION = YES;
				CLANG_WARN_OBJC_ROOT_CLASS = YES_ERROR;
				CLANG_WARN_UNREACHABLE_CODE = YES;
				CLANG_WARN__DUPLICATE_METHOD_MATCH = YES;
				"CODE_SIGN_IDENTITY[sdk=iphoneos*]" = "iPhone Developer";
				COPY_PHASE_STRIP = YES;
				ENABLE_NS_ASSERTIONS = NO;
				ENABLE_STRICT_OBJC_MSGSEND = YES;
				GCC_C_LANGUAGE_STANDARD = gnu99;
				GCC_WARN_64_TO_32_BIT_CONVERSION = YES;
				GCC_WARN_ABOUT_RETURN_TYPE = YES_ERROR;
				GCC_WARN_UNDECLARED_SELECTOR = YES;
				GCC_WARN_UNINITIALIZED_AUTOS = YES_AGGRESSIVE;
				GCC_WARN_UNUSED_FUNCTION = YES;
				GCC_WARN_UNUSED_VARIABLE = YES;
				IPHONEOS_DEPLOYMENT_TARGET = 8.1;
				MTL_ENABLE_DEBUG_INFO = NO;
				SDKROOT = iphoneos;
				VALIDATE_PRODUCT = YES;
			};
			name = Release;
		};
		A549585C1A4B516D00E8395A /* Debug */ = {
			isa = XCBuildConfiguration;
			buildSettings = {
				ASSETCATALOG_COMPILER_APPICON_NAME = AppIcon;
				INFOPLIST_FILE = CatYears/Info.plist;
				LD_RUNPATH_SEARCH_PATHS = "$(inherited) @executable_path/Frameworks";
				PRODUCT_NAME = "$(TARGET_NAME)";
			};
			name = Debug;
		};
		A549585D1A4B516D00E8395A /* Release */ = {
			isa = XCBuildConfiguration;
			buildSettings = {
				ASSETCATALOG_COMPILER_APPICON_NAME = AppIcon;
				INFOPLIST_FILE = CatYears/Info.plist;
				LD_RUNPATH_SEARCH_PATHS = "$(inherited) @executable_path/Frameworks";
				PRODUCT_NAME = "$(TARGET_NAME)";
			};
			name = Release;
		};
		A549585F1A4B516D00E8395A /* Debug */ = {
			isa = XCBuildConfiguration;
			buildSettings = {
				BUNDLE_LOADER = "$(TEST_HOST)";
				FRAMEWORK_SEARCH_PATHS = (
					"$(SDKROOT)/Developer/Library/Frameworks",
					"$(inherited)",
				);
				GCC_PREPROCESSOR_DEFINITIONS = (
					"DEBUG=1",
					"$(inherited)",
				);
				INFOPLIST_FILE = CatYearsTests/Info.plist;
				LD_RUNPATH_SEARCH_PATHS = "$(inherited) @executable_path/Frameworks @loader_path/Frameworks";
				PRODUCT_NAME = "$(TARGET_NAME)";
				TEST_HOST = "$(BUILT_PRODUCTS_DIR)/CatYears.app/CatYears";
			};
			name = Debug;
		};
		A54958601A4B516D00E8395A /* Release */ = {
			isa = XCBuildConfiguration;
			buildSettings = {
				BUNDLE_LOADER = "$(TEST_HOST)";
				FRAMEWORK_SEARCH_PATHS = (
					"$(SDKROOT)/Developer/Library/Frameworks",
					"$(inherited)",
				);
				INFOPLIST_FILE = CatYearsTests/Info.plist;
				LD_RUNPATH_SEARCH_PATHS = "$(inherited) @executable_path/Frameworks @loader_path/Frameworks";
				PRODUCT_NAME = "$(TARGET_NAME)";
				TEST_HOST = "$(BUILT_PRODUCTS_DIR)/CatYears.app/CatYears";
			};
			name = Release;
		};
/* End XCBuildConfiguration section */

/* Begin XCConfigurationList section */
		A54958371A4B516D00E8395A /* Build configuration list for PBXProject "CatYears" */ = {
			isa = XCConfigurationList;
			buildConfigurations = (
				A54958591A4B516D00E8395A /* Debug */,
				A549585A1A4B516D00E8395A /* Release */,
			);
			defaultConfigurationIsVisible = 0;
			defaultConfigurationName = Release;
		};
		A549585B1A4B516D00E8395A /* Build configuration list for PBXNativeTarget "CatYears" */ = {
			isa = XCConfigurationList;
			buildConfigurations = (
				A549585C1A4B516D00E8395A /* Debug */,
				A549585D1A4B516D00E8395A /* Release */,
			);
			defaultConfigurationIsVisible = 0;
		};
		A549585E1A4B516D00E8395A /* Build configuration list for PBXNativeTarget "CatYearsTests" */ = {
			isa = XCConfigurationList;
			buildConfigurations = (
				A549585F1A4B516D00E8395A /* Debug */,
				A54958601A4B516D00E8395A /* Release */,
			);
			defaultConfigurationIsVisible = 0;
		};
/* End XCConfigurationList section */
	};
	rootObject = A54958341A4B516D00E8395A /* Project object */;
}
