// !$*UTF8*$!
{
	archiveVersion = 1;
	classes = {
	};
	objectVersion = 46;
	objects = {

/* Begin PBXBuildFile section */
		A5889FEF1A4BF55F004C6741 /* AppDelegate.swift in Sources */ = {isa = PBXBuildFile; fileRef = A5889FEE1A4BF55F004C6741 /* AppDelegate.swift */; };
		A5889FF11A4BF55F004C6741 /* ViewController.swift in Sources */ = {isa = PBXBuildFile; fileRef = A5889FF01A4BF55F004C6741 /* ViewController.swift */; };
		A5889FF41A4BF55F004C6741 /* Main.storyboard in Resources */ = {isa = PBXBuildFile; fileRef = A5889FF21A4BF55F004C6741 /* Main.storyboard */; };
		A5889FF61A4BF55F004C6741 /* Images.xcassets in Resources */ = {isa = PBXBuildFile; fileRef = A5889FF51A4BF55F004C6741 /* Images.xcassets */; };
		A5889FF91A4BF55F004C6741 /* LaunchScreen.xib in Resources */ = {isa = PBXBuildFile; fileRef = A5889FF71A4BF55F004C6741 /* LaunchScreen.xib */; };
		A588A0051A4BF55F004C6741 /* StopwatchTests.swift in Sources */ = {isa = PBXBuildFile; fileRef = A588A0041A4BF55F004C6741 /* StopwatchTests.swift */; };
/* End PBXBuildFile section */

/* Begin PBXContainerItemProxy section */
		A5889FFF1A4BF55F004C6741 /* PBXContainerItemProxy */ = {
			isa = PBXContainerItemProxy;
			containerPortal = A5889FE11A4BF55F004C6741 /* Project object */;
			proxyType = 1;
			remoteGlobalIDString = A5889FE81A4BF55F004C6741;
			remoteInfo = Stopwatch;
		};
/* End PBXContainerItemProxy section */

/* Begin PBXFileReference section */
		A5889FE91A4BF55F004C6741 /* Stopwatch.app */ = {isa = PBXFileReference; explicitFileType = wrapper.application; includeInIndex = 0; path = Stopwatch.app; sourceTree = BUILT_PRODUCTS_DIR; };
		A5889FED1A4BF55F004C6741 /* Info.plist */ = {isa = PBXFileReference; lastKnownFileType = text.plist.xml; path = Info.plist; sourceTree = "<group>"; };
		A5889FEE1A4BF55F004C6741 /* AppDelegate.swift */ = {isa = PBXFileReference; lastKnownFileType = sourcecode.swift; path = AppDelegate.swift; sourceTree = "<group>"; };
		A5889FF01A4BF55F004C6741 /* ViewController.swift */ = {isa = PBXFileReference; lastKnownFileType = sourcecode.swift; path = ViewController.swift; sourceTree = "<group>"; };
		A5889FF31A4BF55F004C6741 /* Base */ = {isa = PBXFileReference; lastKnownFileType = file.storyboard; name = Base; path = Base.lproj/Main.storyboard; sourceTree = "<group>"; };
		A5889FF51A4BF55F004C6741 /* Images.xcassets */ = {isa = PBXFileReference; lastKnownFileType = folder.assetcatalog; path = Images.xcassets; sourceTree = "<group>"; };
		A5889FF81A4BF55F004C6741 /* Base */ = {isa = PBXFileReference; lastKnownFileType = file.xib; name = Base; path = Base.lproj/LaunchScreen.xib; sourceTree = "<group>"; };
		A5889FFE1A4BF55F004C6741 /* StopwatchTests.xctest */ = {isa = PBXFileReference; explicitFileType = wrapper.cfbundle; includeInIndex = 0; path = StopwatchTests.xctest; sourceTree = BUILT_PRODUCTS_DIR; };
		A588A0031A4BF55F004C6741 /* Info.plist */ = {isa = PBXFileReference; lastKnownFileType = text.plist.xml; path = Info.plist; sourceTree = "<group>"; };
		A588A0041A4BF55F004C6741 /* StopwatchTests.swift */ = {isa = PBXFileReference; lastKnownFileType = sourcecode.swift; path = StopwatchTests.swift; sourceTree = "<group>"; };
/* End PBXFileReference section */

/* Begin PBXFrameworksBuildPhase section */
		A5889FE61A4BF55F004C6741 /* Frameworks */ = {
			isa = PBXFrameworksBuildPhase;
			buildActionMask = 2147483647;
			files = (
			);
			runOnlyForDeploymentPostprocessing = 0;
		};
		A5889FFB1A4BF55F004C6741 /* Frameworks */ = {
			isa = PBXFrameworksBuildPhase;
			buildActionMask = 2147483647;
			files = (
			);
			runOnlyForDeploymentPostprocessing = 0;
		};
/* End PBXFrameworksBuildPhase section */

/* Begin PBXGroup section */
		A5889FE01A4BF55F004C6741 = {
			isa = PBXGroup;
			children = (
				A5889FEB1A4BF55F004C6741 /* Stopwatch */,
				A588A0011A4BF55F004C6741 /* StopwatchTests */,
				A5889FEA1A4BF55F004C6741 /* Products */,
			);
			sourceTree = "<group>";
		};
		A5889FEA1A4BF55F004C6741 /* Products */ = {
			isa = PBXGroup;
			children = (
				A5889FE91A4BF55F004C6741 /* Stopwatch.app */,
				A5889FFE1A4BF55F004C6741 /* StopwatchTests.xctest */,
			);
			name = Products;
			sourceTree = "<group>";
		};
		A5889FEB1A4BF55F004C6741 /* Stopwatch */ = {
			isa = PBXGroup;
			children = (
				A5889FEE1A4BF55F004C6741 /* AppDelegate.swift */,
				A5889FF01A4BF55F004C6741 /* ViewController.swift */,
				A5889FF21A4BF55F004C6741 /* Main.storyboard */,
				A5889FF51A4BF55F004C6741 /* Images.xcassets */,
				A5889FF71A4BF55F004C6741 /* LaunchScreen.xib */,
				A5889FEC1A4BF55F004C6741 /* Supporting Files */,
			);
			path = Stopwatch;
			sourceTree = "<group>";
		};
		A5889FEC1A4BF55F004C6741 /* Supporting Files */ = {
			isa = PBXGroup;
			children = (
				A5889FED1A4BF55F004C6741 /* Info.plist */,
			);
			name = "Supporting Files";
			sourceTree = "<group>";
		};
		A588A0011A4BF55F004C6741 /* StopwatchTests */ = {
			isa = PBXGroup;
			children = (
				A588A0041A4BF55F004C6741 /* StopwatchTests.swift */,
				A588A0021A4BF55F004C6741 /* Supporting Files */,
			);
			path = StopwatchTests;
			sourceTree = "<group>";
		};
		A588A0021A4BF55F004C6741 /* Supporting Files */ = {
			isa = PBXGroup;
			children = (
				A588A0031A4BF55F004C6741 /* Info.plist */,
			);
			name = "Supporting Files";
			sourceTree = "<group>";
		};
/* End PBXGroup section */

/* Begin PBXNativeTarget section */
		A5889FE81A4BF55F004C6741 /* Stopwatch */ = {
			isa = PBXNativeTarget;
			buildConfigurationList = A588A0081A4BF55F004C6741 /* Build configuration list for PBXNativeTarget "Stopwatch" */;
			buildPhases = (
				A5889FE51A4BF55F004C6741 /* Sources */,
				A5889FE61A4BF55F004C6741 /* Frameworks */,
				A5889FE71A4BF55F004C6741 /* Resources */,
			);
			buildRules = (
			);
			dependencies = (
			);
			name = Stopwatch;
			productName = Stopwatch;
			productReference = A5889FE91A4BF55F004C6741 /* Stopwatch.app */;
			productType = "com.apple.product-type.application";
		};
		A5889FFD1A4BF55F004C6741 /* StopwatchTests */ = {
			isa = PBXNativeTarget;
			buildConfigurationList = A588A00B1A4BF55F004C6741 /* Build configuration list for PBXNativeTarget "StopwatchTests" */;
			buildPhases = (
				A5889FFA1A4BF55F004C6741 /* Sources */,
				A5889FFB1A4BF55F004C6741 /* Frameworks */,
				A5889FFC1A4BF55F004C6741 /* Resources */,
			);
			buildRules = (
			);
			dependencies = (
				A588A0001A4BF55F004C6741 /* PBXTargetDependency */,
			);
			name = StopwatchTests;
			productName = StopwatchTests;
			productReference = A5889FFE1A4BF55F004C6741 /* StopwatchTests.xctest */;
			productType = "com.apple.product-type.bundle.unit-test";
		};
/* End PBXNativeTarget section */

/* Begin PBXProject section */
		A5889FE11A4BF55F004C6741 /* Project object */ = {
			isa = PBXProject;
			attributes = {
				LastUpgradeCheck = 0610;
				ORGANIZATIONNAME = prakash;
				TargetAttributes = {
					A5889FE81A4BF55F004C6741 = {
						CreatedOnToolsVersion = 6.1.1;
					};
					A5889FFD1A4BF55F004C6741 = {
						CreatedOnToolsVersion = 6.1.1;
						TestTargetID = A5889FE81A4BF55F004C6741;
					};
				};
			};
			buildConfigurationList = A5889FE41A4BF55F004C6741 /* Build configuration list for PBXProject "Stopwatch" */;
			compatibilityVersion = "Xcode 3.2";
			developmentRegion = English;
			hasScannedForEncodings = 0;
			knownRegions = (
				en,
				Base,
			);
			mainGroup = A5889FE01A4BF55F004C6741;
			productRefGroup = A5889FEA1A4BF55F004C6741 /* Products */;
			projectDirPath = "";
			projectRoot = "";
			targets = (
				A5889FE81A4BF55F004C6741 /* Stopwatch */,
				A5889FFD1A4BF55F004C6741 /* StopwatchTests */,
			);
		};
/* End PBXProject section */

/* Begin PBXResourcesBuildPhase section */
		A5889FE71A4BF55F004C6741 /* Resources */ = {
			isa = PBXResourcesBuildPhase;
			buildActionMask = 2147483647;
			files = (
				A5889FF41A4BF55F004C6741 /* Main.storyboard in Resources */,
				A5889FF91A4BF55F004C6741 /* LaunchScreen.xib in Resources */,
				A5889FF61A4BF55F004C6741 /* Images.xcassets in Resources */,
			);
			runOnlyForDeploymentPostprocessing = 0;
		};
		A5889FFC1A4BF55F004C6741 /* Resources */ = {
			isa = PBXResourcesBuildPhase;
			buildActionMask = 2147483647;
			files = (
			);
			runOnlyForDeploymentPostprocessing = 0;
		};
/* End PBXResourcesBuildPhase section */

/* Begin PBXSourcesBuildPhase section */
		A5889FE51A4BF55F004C6741 /* Sources */ = {
			isa = PBXSourcesBuildPhase;
			buildActionMask = 2147483647;
			files = (
				A5889FF11A4BF55F004C6741 /* ViewController.swift in Sources */,
				A5889FEF1A4BF55F004C6741 /* AppDelegate.swift in Sources */,
			);
			runOnlyForDeploymentPostprocessing = 0;
		};
		A5889FFA1A4BF55F004C6741 /* Sources */ = {
			isa = PBXSourcesBuildPhase;
			buildActionMask = 2147483647;
			files = (
				A588A0051A4BF55F004C6741 /* StopwatchTests.swift in Sources */,
			);
			runOnlyForDeploymentPostprocessing = 0;
		};
/* End PBXSourcesBuildPhase section */

/* Begin PBXTargetDependency section */
		A588A0001A4BF55F004C6741 /* PBXTargetDependency */ = {
			isa = PBXTargetDependency;
			target = A5889FE81A4BF55F004C6741 /* Stopwatch */;
			targetProxy = A5889FFF1A4BF55F004C6741 /* PBXContainerItemProxy */;
		};
/* End PBXTargetDependency section */

/* Begin PBXVariantGroup section */
		A5889FF21A4BF55F004C6741 /* Main.storyboard */ = {
			isa = PBXVariantGroup;
			children = (
				A5889FF31A4BF55F004C6741 /* Base */,
			);
			name = Main.storyboard;
			sourceTree = "<group>";
		};
		A5889FF71A4BF55F004C6741 /* LaunchScreen.xib */ = {
			isa = PBXVariantGroup;
			children = (
				A5889FF81A4BF55F004C6741 /* Base */,
			);
			name = LaunchScreen.xib;
			sourceTree = "<group>";
		};
/* End PBXVariantGroup section */

/* Begin XCBuildConfiguration section */
		A588A0061A4BF55F004C6741 /* Debug */ = {
			isa = XCBuildConfiguration;
			buildSettings = {
				ALWAYS_SEARCH_USER_PATHS = NO;
				CLANG_CXX_LANGUAGE_STANDARD = "gnu++0x";
				CLANG_CXX_LIBRARY = "libc++";
				CLANG_ENABLE_MODULES = YES;
				CLANG_ENABLE_OBJC_ARC = YES;
				CLANG_WARN_BOOL_CONVERSION = YES;
				CLANG_WARN_CONSTANT_CONVERSION = YES;
				CLANG_WARN_DIRECT_OBJC_ISA_USAGE = YES_ERROR;
				CLANG_WARN_EMPTY_BODY = YES;
				CLANG_WARN_ENUM_CONVERSION = YES;
				CLANG_WARN_INT_CONVERSION = YES;
				CLANG_WARN_OBJC_ROOT_CLASS = YES_ERROR;
				CLANG_WARN_UNREACHABLE_CODE = YES;
				CLANG_WARN__DUPLICATE_METHOD_MATCH = YES;
				"CODE_SIGN_IDENTITY[sdk=iphoneos*]" = "iPhone Developer";
				COPY_PHASE_STRIP = NO;
				ENABLE_STRICT_OBJC_MSGSEND = YES;
				GCC_C_LANGUAGE_STANDARD = gnu99;
				GCC_DYNAMIC_NO_PIC = NO;
				GCC_OPTIMIZATION_LEVEL = 0;
				GCC_PREPROCESSOR_DEFINITIONS = (
					"DEBUG=1",
					"$(inherited)",
				);
				GCC_SYMBOLS_PRIVATE_EXTERN = NO;
				GCC_WARN_64_TO_32_BIT_CONVERSION = YES;
				GCC_WARN_ABOUT_RETURN_TYPE = YES_ERROR;
				GCC_WARN_UNDECLARED_SELECTOR = YES;
				GCC_WARN_UNINITIALIZED_AUTOS = YES_AGGRESSIVE;
				GCC_WARN_UNUSED_FUNCTION = YES;
				GCC_WARN_UNUSED_VARIABLE = YES;
				IPHONEOS_DEPLOYMENT_TARGET = 8.1;
				MTL_ENABLE_DEBUG_INFO = YES;
				ONLY_ACTIVE_ARCH = YES;
				SDKROOT = iphoneos;
				SWIFT_OPTIMIZATION_LEVEL = "-Onone";
			};
			name = Debug;
		};
		A588A0071A4BF55F004C6741 /* Release */ = {
			isa = XCBuildConfiguration;
			buildSettings = {
				ALWAYS_SEARCH_USER_PATHS = NO;
				CLANG_CXX_LANGUAGE_STANDARD = "gnu++0x";
				CLANG_CXX_LIBRARY = "libc++";
				CLANG_ENABLE_MODULES = YES;
				CLANG_ENABLE_OBJC_ARC = YES;
				CLANG_WARN_BOOL_CONVERSION = YES;
				CLANG_WARN_CONSTANT_CONVERSION = YES;
				CLANG_WARN_DIRECT_OBJC_ISA_USAGE = YES_ERROR;
				CLANG_WARN_EMPTY_BODY = YES;
				CLANG_WARN_ENUM_CONVERSION = YES;
				CLANG_WARN_INT_CONVERSION = YES;
				CLANG_WARN_OBJC_ROOT_CLASS = YES_ERROR;
				CLANG_WARN_UNREACHABLE_CODE = YES;
				CLANG_WARN__DUPLICATE_METHOD_MATCH = YES;
				"CODE_SIGN_IDENTITY[sdk=iphoneos*]" = "iPhone Developer";
				COPY_PHASE_STRIP = YES;
				ENABLE_NS_ASSERTIONS = NO;
				ENABLE_STRICT_OBJC_MSGSEND = YES;
				GCC_C_LANGUAGE_STANDARD = gnu99;
				GCC_WARN_64_TO_32_BIT_CONVERSION = YES;
				GCC_WARN_ABOUT_RETURN_TYPE = YES_ERROR;
				GCC_WARN_UNDECLARED_SELECTOR = YES;
				GCC_WARN_UNINITIALIZED_AUTOS = YES_AGGRESSIVE;
				GCC_WARN_UNUSED_FUNCTION = YES;
				GCC_WARN_UNUSED_VARIABLE = YES;
				IPHONEOS_DEPLOYMENT_TARGET = 8.1;
				MTL_ENABLE_DEBUG_INFO = NO;
				SDKROOT = iphoneos;
				VALIDATE_PRODUCT = YES;
			};
			name = Release;
		};
		A588A0091A4BF55F004C6741 /* Debug */ = {
			isa = XCBuildConfiguration;
			buildSettings = {
				ASSETCATALOG_COMPILER_APPICON_NAME = AppIcon;
				INFOPLIST_FILE = Stopwatch/Info.plist;
				LD_RUNPATH_SEARCH_PATHS = "$(inherited) @executable_path/Frameworks";
				PRODUCT_NAME = "$(TARGET_NAME)";
			};
			name = Debug;
		};
		A588A00A1A4BF55F004C6741 /* Release */ = {
			isa = XCBuildConfiguration;
			buildSettings = {
				ASSETCATALOG_COMPILER_APPICON_NAME = AppIcon;
				INFOPLIST_FILE = Stopwatch/Info.plist;
				LD_RUNPATH_SEARCH_PATHS = "$(inherited) @executable_path/Frameworks";
				PRODUCT_NAME = "$(TARGET_NAME)";
			};
			name = Release;
		};
		A588A00C1A4BF55F004C6741 /* Debug */ = {
			isa = XCBuildConfiguration;
			buildSettings = {
				BUNDLE_LOADER = "$(TEST_HOST)";
				FRAMEWORK_SEARCH_PATHS = (
					"$(SDKROOT)/Developer/Library/Frameworks",
					"$(inherited)",
				);
				GCC_PREPROCESSOR_DEFINITIONS = (
					"DEBUG=1",
					"$(inherited)",
				);
				INFOPLIST_FILE = StopwatchTests/Info.plist;
				LD_RUNPATH_SEARCH_PATHS = "$(inherited) @executable_path/Frameworks @loader_path/Frameworks";
				PRODUCT_NAME = "$(TARGET_NAME)";
				TEST_HOST = "$(BUILT_PRODUCTS_DIR)/Stopwatch.app/Stopwatch";
			};
			name = Debug;
		};
		A588A00D1A4BF55F004C6741 /* Release */ = {
			isa = XCBuildConfiguration;
			buildSettings = {
				BUNDLE_LOADER = "$(TEST_HOST)";
				FRAMEWORK_SEARCH_PATHS = (
					"$(SDKROOT)/Developer/Library/Frameworks",
					"$(inherited)",
				);
				INFOPLIST_FILE = StopwatchTests/Info.plist;
				LD_RUNPATH_SEARCH_PATHS = "$(inherited) @executable_path/Frameworks @loader_path/Frameworks";
				PRODUCT_NAME = "$(TARGET_NAME)";
				TEST_HOST = "$(BUILT_PRODUCTS_DIR)/Stopwatch.app/Stopwatch";
			};
			name = Release;
		};
/* End XCBuildConfiguration section */

/* Begin XCConfigurationList section */
		A5889FE41A4BF55F004C6741 /* Build configuration list for PBXProject "Stopwatch" */ = {
			isa = XCConfigurationList;
			buildConfigurations = (
				A588A0061A4BF55F004C6741 /* Debug */,
				A588A0071A4BF55F004C6741 /* Release */,
			);
			defaultConfigurationIsVisible = 0;
			defaultConfigurationName = Release;
		};
		A588A0081A4BF55F004C6741 /* Build configuration list for PBXNativeTarget "Stopwatch" */ = {
			isa = XCConfigurationList;
			buildConfigurations = (
				A588A0091A4BF55F004C6741 /* Debug */,
				A588A00A1A4BF55F004C6741 /* Release */,
			);
			defaultConfigurationIsVisible = 0;
		};
		A588A00B1A4BF55F004C6741 /* Build configuration list for PBXNativeTarget "StopwatchTests" */ = {
			isa = XCConfigurationList;
			buildConfigurations = (
				A588A00C1A4BF55F004C6741 /* Debug */,
				A588A00D1A4BF55F004C6741 /* Release */,
			);
			defaultConfigurationIsVisible = 0;
		};
/* End XCConfigurationList section */
	};
	rootObject = A5889FE11A4BF55F004C6741 /* Project object */;
}
